
Microsoft Visual Studio Solution File, Format Version 12.00
# Visual Studio Version 17
VisualStudioVersion = 17.3.32825.248
MinimumVisualStudioVersion = 10.0.40219.1
Project("{FAE04EC0-301F-11D3-BF4B-00C04F79EFBC}") = "webpet", "webpet\webpet.csproj", "{42A7D01D-D917-486F-A395-CEF50C9826BF}"
EndProject
Global
	GlobalSection(SolutionConfigurationPlatforms) = preSolution
		Debug|Any CPU = Debug|Any CPU
		Release|Any CPU = Release|Any CPU
	EndGlobalSection
	GlobalSection(ProjectConfigurationPlatforms) = postSolution
		{42A7D01D-D917-486F-A395-CEF50C9826BF}.Debug|Any CPU.ActiveCfg = Debug|Any CPU
		{42A7D01D-D917-486F-A395-CEF50C9826BF}.Debug|Any CPU.Build.0 = Debug|Any CPU
		{42A7D01D-D917-486F-A395-CEF50C9826BF}.Release|Any CPU.ActiveCfg = Release|Any CPU
		{42A7D01D-D917-486F-A395-CEF50C9826BF}.Release|Any CPU.Build.0 = Release|Any CPU
	EndGlobalSection
	GlobalSection(SolutionProperties) = preSolution
		HideSolutionNode = FALSE
	EndGlobalSection
	GlobalSection(ExtensibilityGlobals) = postSolution
		SolutionGuid = {FFD50AC4-53B4-44A5-9731-C8A4FFD6249F}
	EndGlobalSection
EndGlobal
